dependencies:
- name: zookeeper
  repository: oci://registry-1.docker.io/bitnamicharts
  version: 12.12.1
- name: common
  repository: oci://registry-1.docker.io/bitnamicharts
  version: 2.20.5
digest: sha256:117f69ad167d0ab50ba8b6f6fd8bcf0e8bcdbd022f693ef168bf8243e0a197a1
generated: "2024-07-17T17:08:49.2092082-04:00"
